
Microsoft Visual Studio Solution File, Format Version 12.00
# Visual Studio 15
VisualStudioVersion = 15.0.27703.2018
MinimumVisualStudioVersion = 10.0.40219.1
Project("{FAE04EC0-301F-11D3-BF4B-00C04F79EFBC}") = "SchoolStudent", "SchoolStudent\SchoolStudent.csproj", "{BD262CEF-0F6F-49DA-955F-5B9614815A73}"
EndProject
Project("{FAE04EC0-301F-11D3-BF4B-00C04F79EFBC}") = "SchoolStudent.Tests", "SchoolStudent.Tests\SchoolStudent.Tests.csproj", "{86A03B40-E8A1-4B04-B5C7-DDAE349A383C}"
EndProject
Global
	GlobalSection(SolutionConfigurationPlatforms) = preSolution
		Debug|Any CPU = Debug|Any CPU
		Release|Any CPU = Release|Any CPU
	EndGlobalSection
	GlobalSection(ProjectConfigurationPlatforms) = postSolution
		{BD262CEF-0F6F-49DA-955F-5B9614815A73}.Debug|Any CPU.ActiveCfg = Debug|Any CPU
		{BD262CEF-0F6F-49DA-955F-5B9614815A73}.Debug|Any CPU.Build.0 = Debug|Any CPU
		{BD262CEF-0F6F-49DA-955F-5B9614815A73}.Release|Any CPU.ActiveCfg = Release|Any CPU
		{BD262CEF-0F6F-49DA-955F-5B9614815A73}.Release|Any CPU.Build.0 = Release|Any CPU
		{86A03B40-E8A1-4B04-B5C7-DDAE349A383C}.Debug|Any CPU.ActiveCfg = Debug|Any CPU
		{86A03B40-E8A1-4B04-B5C7-DDAE349A383C}.Debug|Any CPU.Build.0 = Debug|Any CPU
		{86A03B40-E8A1-4B04-B5C7-DDAE349A383C}.Release|Any CPU.ActiveCfg = Release|Any CPU
		{86A03B40-E8A1-4B04-B5C7-DDAE349A383C}.Release|Any CPU.Build.0 = Release|Any CPU
	EndGlobalSection
	GlobalSection(SolutionProperties) = preSolution
		HideSolutionNode = FALSE
	EndGlobalSection
	GlobalSection(ExtensibilityGlobals) = postSolution
		SolutionGuid = {CC603143-2335-4A44-AF16-270EB827F35E}
	EndGlobalSection
EndGlobal
